# Generated by buf. DO NOT EDIT.
version: v1
deps:
  - remote: buf.build
    owner: googleapis
    repository: googleapis
    commit: 004180b77378443887d3b55cabc00384
    digest: shake256:d26c7c2fd95f0873761af33ca4a0c0d92c8577122b6feb74eb3b0a57ebe47a98ab24a209a0e91945ac4c77204e9da0c2de0020b2cedc27bdbcdea6c431eec69b
  - remote: buf.build
    owner: protocolbuffers
    repository: wellknowntypes
    commit: 9220c3cb4fac4bb4a8587d4fd7aa7582
    digest: shake256:49b3059e6608c257ea7cf60926a16fb8bb1f3d37f39862e66db55338a4ebf59a4aebff39fdfd1f6d4e66ece567db327ff5846a09b51762574b857a27e77a2b55
