github.com/corazawaf/coraza-coreruleset v0.0.0-20240226094324-415b1017abdc h1:OlJhrgI3I+FLUCTI3JJW8MoqyM78WbqJjecqMnqG+wc=
github.com/corazawaf/coraza-coreruleset v0.0.0-20240226094324-415b1017abdc/go.mod h1:7rsocqNDkTCira5T0M7buoKR2ehh7YZiPkzxRuAgvVU=
github.com/corazawaf/coraza/v3 v3.3.3 h1:kqjStHAgWqwP5dh7n0vhTOF0a3t+VikNS/EaMiG0Fhk=
github.com/corazawaf/coraza/v3 v3.3.3/go.mod h1:xSaXWOhFMSbrV8qOOfBKAyw3aOqfwaSaOy5BgSF8XlA=
github.com/corazawaf/libinjection-go v0.2.2 h1:Chzodvb6+NXh6wew5/yhD0Ggioif9ACrQGR4qjTCs1g=
github.com/corazawaf/libinjection-go v0.2.2/go.mod h1:OP4TM7xdJ2skyXqNX1AN1wN5nNZEmJNuWbNPOItn7aw=
github.com/davecgh/go-spew v1.1.2-0.20180830191138-d8f796af33cc h1:U9qPSI2PIWSS1VwoXQT9A3Wy9MM3WgvqSxFWenqJduM=
github.com/davecgh/go-spew v1.1.2-0.20180830191138-d8f796af33cc/go.mod h1:J7Y8YcW2NihsgmVo/mv3lAwl/skON4iLHjSsI+c5H38=
github.com/envoyproxy/envoy/source/extensions/dynamic_modules v0.0.0-20260129014508-e8c1dc7dcbcd h1:IQMTVU/I2HaXkUUYvHD3gtUrFAGLZm8DcH/4Z20vRQQ=
github.com/envoyproxy/envoy/source/extensions/dynamic_modules v0.0.0-20260129014508-e8c1dc7dcbcd/go.mod h1:NpQosaDAX20s0ak0o/4b5dLOdvkbk15XqoakhSNX1Gg=
github.com/foxcpp/go-mockdns v1.1.0 h1:jI0rD8M0wuYAxL7r/ynTrCQQq0BVqfB99Vgk7DlmewI=
github.com/foxcpp/go-mockdns v1.1.0/go.mod h1:IhLeSFGed3mJIAXPH2aiRQB+kqz7oqu8ld2qVbOu7Wk=
github.com/google/go-cmp v0.7.0 h1:wk8382ETsv4JYUZwIsn6YpYiWiBsYLSJiTsyBybVuN8=
github.com/google/go-cmp v0.7.0/go.mod h1:pXiqmnSA92OHEEa9HXL2W4E7lf9JzCmGVUdgjX3N/iU=
github.com/jcchavezs/mergefs v0.1.0 h1:7oteO7Ocl/fnfFMkoVLJxTveCjrsd//UB0j89xmnpec=
github.com/jcchavezs/mergefs v0.1.0/go.mod h1:eRLTrsA+vFwQZ48hj8p8gki/5v9C2bFtHH5Mnn4bcGk=
github.com/magefile/mage v1.15.1-0.20241126214340-bdc92f694516 h1:aAO0L0ulox6m/CLRYvJff+jWXYYCKGpEm3os7dM/Z+M=
github.com/magefile/mage v1.15.1-0.20241126214340-bdc92f694516/go.mod h1:z5UZb/iS3GoOSn0JgWuiw7dxlurVYTu+/jHXqQg881A=
github.com/miekg/dns v1.1.57 h1:Jzi7ApEIzwEPLHWRcafCN9LZSBbqQpxjt/wpgvg7wcM=
github.com/miekg/dns v1.1.57/go.mod h1:uqRjCRUuEAA6qsOiJvDd+CFo/vW+y5WR6SNmHE55hZk=
github.com/petar-dambovaliev/aho-corasick v0.0.0-20240411101913-e07a1f0e8eb4 h1:1Kw2vDBXmjop+LclnzCb/fFy+sgb3gYARwfmoUcQe6o=
github.com/petar-dambovaliev/aho-corasick v0.0.0-20240411101913-e07a1f0e8eb4/go.mod h1:EHPiTAKtiFmrMldLUNswFwfZ2eJIYBHktdaUTZxYWRw=
github.com/pmezard/go-difflib v1.0.1-0.20181226105442-5d4384ee4fb2 h1:Jamvg5psRIccs7FGNTlIRMkT8wgtp5eCXdBlqhYGL6U=
github.com/pmezard/go-difflib v1.0.1-0.20181226105442-5d4384ee4fb2/go.mod h1:iKH77koFhYxTK1pcRnkKkqfTogsbg7gZNVY4sRDYZ/4=
github.com/stretchr/testify v1.10.0 h1:Xv5erBjTwe/5IxqUQTdXv5kgmIvbHo3QQyRwhJsOfJA=
github.com/stretchr/testify v1.10.0/go.mod h1:r2ic/lqez/lEtzL7wO/rwa5dbSLXVDPFyf8C91i36aY=
github.com/tidwall/gjson v1.18.0 h1:FIDeeyB800efLX89e5a8Y0BNH+LOngJyGrIWxG2FKQY=
github.com/tidwall/gjson v1.18.0/go.mod h1:/wbyibRr2FHMks5tjHJ5F8dMZh3AcwJEMf5vlfC0lxk=
github.com/tidwall/match v1.1.1 h1:+Ho715JplO36QYgwN9PGYNhgZvoUSc9X2c80KVTi+GA=
github.com/tidwall/match v1.1.1/go.mod h1:eRSPERbgtNPcGhD8UCthc6PmLEQXEWd3PRB5JTxsfmM=
github.com/tidwall/pretty v1.2.0/go.mod h1:ITEVvHYasfjBbM0u2Pg8T2nJnzm8xPwvNhhsoaGGjNU=
github.com/tidwall/pretty v1.2.1 h1:qjsOFOWWQl+N3RsoF5/ssm1pHmJJwhjlSbZ51I6wMl4=
github.com/tidwall/pretty v1.2.1/go.mod h1:ITEVvHYasfjBbM0u2Pg8T2nJnzm8xPwvNhhsoaGGjNU=
github.com/valllabh/ocsf-schema-golang v1.0.3 h1:eR8k/3jP/OOqB8LRCtdJ4U+vlgd/gk5y3KMXoodrsrw=
github.com/valllabh/ocsf-schema-golang v1.0.3/go.mod h1:sZ3as9xqm1SSK5feFWIR2CuGeGRhsM7TR1MbpBctzPk=
go.uber.org/goleak v1.3.0 h1:2K3zAYmnTNqV73imy9J1T3WC+gmCePx2hEGkimedGto=
go.uber.org/goleak v1.3.0/go.mod h1:CoHD4mav9JJNrW/WLlf7HGZPjdw8EucARQHekz1X6bE=
go.uber.org/mock v0.6.0 h1:hyF9dfmbgIX5EfOdasqLsWD6xqpNZlXblLB/Dbnwv3Y=
go.uber.org/mock v0.6.0/go.mod h1:KiVJ4BqZJaMj4svdfmHM0AUx4NJYO8ZNpPnZn1Z+BBU=
go.uber.org/multierr v1.11.0 h1:blXXJkSxSSfBVBlC76pxqeO+LN3aDfLQo+309xJstO0=
go.uber.org/multierr v1.11.0/go.mod h1:20+QtiLqy0Nd6FdQB9TLXag12DsQkrbs3htMFfDN80Y=
go.uber.org/zap v1.27.1 h1:08RqriUEv8+ArZRYSTXy1LeBScaMpVSTBhCeaZYfMYc=
go.uber.org/zap v1.27.1/go.mod h1:GB2qFLM7cTU87MWRP2mPIjqfIDnGu+VIO4V/SdhGo2E=
golang.org/x/mod v0.28.0 h1:gQBtGhjxykdjY9YhZpSlZIsbnaE2+PgjfLWUQTnoZ1U=
golang.org/x/mod v0.28.0/go.mod h1:yfB/L0NOf/kmEbXjzCPOx1iK1fRutOydrCMsqRhEBxI=
golang.org/x/net v0.43.0 h1:lat02VYK2j4aLzMzecihNvTlJNQUq316m2Mr9rnM6YE=
golang.org/x/net v0.43.0/go.mod h1:vhO1fvI4dGsIjh73sWfUVjj3N7CA9WkKJNQm2svM6Jg=
golang.org/x/sync v0.16.0 h1:ycBJEhp9p4vXvUZNszeOq0kGTPghopOL8q0fq3vstxw=
golang.org/x/sync v0.16.0/go.mod h1:1dzgHSNfp02xaA81J2MS99Qcpr2w7fw1gpm99rleRqA=
golang.org/x/sys v0.35.0 h1:vz1N37gP5bs89s7He8XuIYXpyY0+QlsKmzipCbUtyxI=
golang.org/x/sys v0.35.0/go.mod h1:BJP2sWEmIv4KK5OTEluFJCKSidICx8ciO85XgH3Ak8k=
golang.org/x/tools v0.36.0 h1:kWS0uv/zsvHEle1LbV5LE8QujrxB3wfQyxHfhOk0Qkg=
golang.org/x/tools v0.36.0/go.mod h1:WBDiHKJK8YgLHlcQPYQzNCkUxUypCaa5ZegCVutKm+s=
google.golang.org/protobuf v1.36.11 h1:fV6ZwhNocDyBLK0dj+fg8ektcVegBBuEolpbTQyBNVE=
google.golang.org/protobuf v1.36.11/go.mod h1:HTf+CrKn2C3g5S8VImy6tdcUvCska2kB7j23XfzDpco=
gopkg.in/check.v1 v0.0.0-20161208181325-20d25e280405 h1:yhCVgyC4o1eVCa2tZl7eS0r+SDo693bJlVdllGtEeKM=
gopkg.in/check.v1 v0.0.0-20161208181325-20d25e280405/go.mod h1:Co6ibVJAznAaIkqp8huTwlJQCZ016jof/cbN4VW5Yz0=
gopkg.in/yaml.v3 v3.0.1 h1:fxVm/GzAzEWqLHuvctI91KS9hhNmmWOoWu0XTYJS7CA=
gopkg.in/yaml.v3 v3.0.1/go.mod h1:K4uyk7z7BCEPqu6E+C64Yfv1cQ7kz7rIZviUmN+EgEM=
rsc.io/binaryregexp v0.2.0 h1:HfqmD5MEmC0zvwBuF187nq9mdnXjXsSivRiXN7SmRkE=
rsc.io/binaryregexp v0.2.0/go.mod h1:qTv7/COck+e2FymRvadv62gMdZztPaShugOCi3I+8D8=
